
Microsoft Visual Studio Solution File, Format Version 12.00
# Visual Studio Version 17
VisualStudioVersion = 17.8.34309.116
MinimumVisualStudioVersion = 10.0.40219.1
Project("{FAE04EC0-301F-11D3-BF4B-00C04F79EFBC}") = "PeriodicApiCaller", "PeriodicApiCaller.csproj", "{7E262B27-EAA9-47F8-ABEA-70397F7C3395}"
EndProject
Project("{FAE04EC0-301F-11D3-BF4B-00C04F79EFBC}") = "PeriodicApiCaller.ApiFetcher", "..\PeriodicApiCaller.ApiFetcher\PeriodicApiCaller.ApiFetcher.csproj", "{881B355E-A9CE-447E-934C-A695E906A6A8}"
EndProject
Global
	GlobalSection(SolutionConfigurationPlatforms) = preSolution
		Debug|Any CPU = Debug|Any CPU
		Release|Any CPU = Release|Any CPU
	EndGlobalSection
	GlobalSection(ProjectConfigurationPlatforms) = postSolution
		{7E262B27-EAA9-47F8-ABEA-70397F7C3395}.Debug|Any CPU.ActiveCfg = Debug|Any CPU
		{7E262B27-EAA9-47F8-ABEA-70397F7C3395}.Debug|Any CPU.Build.0 = Debug|Any CPU
		{7E262B27-EAA9-47F8-ABEA-70397F7C3395}.Release|Any CPU.ActiveCfg = Release|Any CPU
		{7E262B27-EAA9-47F8-ABEA-70397F7C3395}.Release|Any CPU.Build.0 = Release|Any CPU
		{881B355E-A9CE-447E-934C-A695E906A6A8}.Debug|Any CPU.ActiveCfg = Debug|Any CPU
		{881B355E-A9CE-447E-934C-A695E906A6A8}.Debug|Any CPU.Build.0 = Debug|Any CPU
		{881B355E-A9CE-447E-934C-A695E906A6A8}.Release|Any CPU.ActiveCfg = Release|Any CPU
		{881B355E-A9CE-447E-934C-A695E906A6A8}.Release|Any CPU.Build.0 = Release|Any CPU
	EndGlobalSection
	GlobalSection(SolutionProperties) = preSolution
		HideSolutionNode = FALSE
	EndGlobalSection
	GlobalSection(ExtensibilityGlobals) = postSolution
		SolutionGuid = {317B3CCB-0CC5-4FE3-AF56-96944C3FBF74}
	EndGlobalSection
EndGlobal
